{
  "name": "js",
  "lockfileVersion": 2,
  "requires": true,
  "packages": {
    "": {
      "dependencies": {
        "jquery-hijri-date": "^1.0.3"
      }
    },
    "node_modules/jquery-hijri-date": {
      "version": "1.0.3",
      "resolved": "https://registry.npmjs.org/jquery-hijri-date/-/jquery-hijri-date-1.0.3.tgz",
      "integrity": "sha512-sjo7QvvXTbStrp86tLliQEvZzXtQPWN63mH8cvd4gg5LurhfM7AjMAdF3HG1mttPIGyclGogzCvjSNemgqZLGw=="
    }
  },
  "dependencies": {
    "jquery-hijri-date": {
      "version": "1.0.3",
      "resolved": "https://registry.npmjs.org/jquery-hijri-date/-/jquery-hijri-date-1.0.3.tgz",
      "integrity": "sha512-sjo7QvvXTbStrp86tLliQEvZzXtQPWN63mH8cvd4gg5LurhfM7AjMAdF3HG1mttPIGyclGogzCvjSNemgqZLGw=="
    }
  }
}
